// !$*UTF8*$!
{
	archiveVersion = 1;
	classes = {
	};
	objectVersion = 77;
	objects = {

/* Begin PBXContainerItemProxy section */
		EBDBCFE82F10C17700F1961D /* PBXContainerItemProxy */ = {
			isa = PBXContainerItemProxy;
			containerPortal = EBDBCFD02F10C17600F1961D /* Project object */;
			proxyType = 1;
			remoteGlobalIDString = EBDBCFD72F10C17600F1961D;
			remoteInfo = Blue_Archive_studentsQize;
		};
		EBDBCFF22F10C17700F1961D /* PBXContainerItemProxy */ = {
			isa = PBXContainerItemProxy;
			containerPortal = EBDBCFD02F10C17600F1961D /* Project object */;
			proxyType = 1;
			remoteGlobalIDString = EBDBCFD72F10C17600F1961D;
			remoteInfo = Blue_Archive_studentsQize;
		};
/* End PBXContainerItemProxy section */

/* Begin PBXFileReference section */
		EBDBCFD82F10C17600F1961D /* Blue_Archive_studentsQize.app */ = {isa = PBXFileReference; explicitFileType = wrapper.application; includeInIndex = 0; path = Blue_Archive_studentsQize.app; sourceTree = BUILT_PRODUCTS_DIR; };
		EBDBCFE72F10C17700F1961D /* Blue_Archive_studentsQizeTests.xctest */ = {isa = PBXFileReference; explicitFileType = wrapper.cfbundle; includeInIndex = 0; path = Blue_Archive_studentsQizeTests.xctest; sourceTree = BUILT_PRODUCTS_DIR; };
		EBDBCFF12F10C17700F1961D /* Blue_Archive_studentsQizeUITests.xctest */ = {isa = PBXFileReference; explicitFileType = wrapper.cfbundle; includeInIndex = 0; path = Blue_Archive_studentsQizeUITests.xctest; sourceTree = BUILT_PRODUCTS_DIR; };
/* End PBXFileReference section */

/* Begin PBXFileSystemSynchronizedRootGroup section */
		EBDBCFDA2F10C17600F1961D /* Blue_Archive_studentsQize */ = {
			isa = PBXFileSystemSynchronizedRootGroup;
			path = Blue_Archive_studentsQize;
			sourceTree = "<group>";
		};
		EBDBCFEA2F10C17700F1961D /* Blue_Archive_studentsQizeTests */ = {
			isa = PBXFileSystemSynchronizedRootGroup;
			path = Blue_Archive_studentsQizeTests;
			sourceTree = "<group>";
		};
		EBDBCFF42F10C17700F1961D /* Blue_Archive_studentsQizeUITests */ = {
			isa = PBXFileSystemSynchronizedRootGroup;
			path = Blue_Archive_studentsQizeUITests;
			sourceTree = "<group>";
		};
/* End PBXFileSystemSynchronizedRootGroup section */

/* Begin PBXFrameworksBuildPhase section */
		EBDBCFD52F10C17600F1961D /* Frameworks */ = {
			isa = PBXFrameworksBuildPhase;
			buildActionMask = 2147483647;
			files = (
			);
			runOnlyForDeploymentPostprocessing = 0;
		};
		EBDBCFE42F10C17700F1961D /* Frameworks */ = {
			isa = PBXFrameworksBuildPhase;
			buildActionMask = 2147483647;
			files = (
			);
			runOnlyForDeploymentPostprocessing = 0;
		};
		EBDBCFEE2F10C17700F1961D /* Frameworks */ = {
			isa = PBXFrameworksBuildPhase;
			buildActionMask = 2147483647;
			files = (
			);
			runOnlyForDeploymentPostprocessing = 0;
		};
/* End PBXFrameworksBuildPhase section */

/* Begin PBXGroup section */
		EBDBCFCF2F10C17600F1961D = {
			isa = PBXGroup;
			children = (
				EBDBCFDA2F10C17600F1961D /* Blue_Archive_studentsQize */,
				EBDBCFEA2F10C17700F1961D /* Blue_Archive_studentsQizeTests */,
				EBDBCFF42F10C17700F1961D /* Blue_Archive_studentsQizeUITests */,
				EBDBCFD92F10C17600F1961D /* Products */,
			);
			sourceTree = "<group>";
		};
		EBDBCFD92F10C17600F1961D /* Products */ = {
			isa = PBXGroup;
			children = (
				EBDBCFD82F10C17600F1961D /* Blue_Archive_studentsQize.app */,
				EBDBCFE72F10C17700F1961D /* Blue_Archive_studentsQizeTests.xctest */,
				EBDBCFF12F10C17700F1961D /* Blue_Archive_studentsQizeUITests.xctest */,
			);
			name = Products;
			sourceTree = "<group>";
		};
/* End PBXGroup section */

/* Begin PBXNativeTarget section */
		EBDBCFD72F10C17600F1961D /* Blue_Archive_studentsQize */ = {
			isa = PBXNativeTarget;
			buildConfigurationList = EBDBCFFB2F10C17700F1961D /* Build configuration list for PBXNativeTarget "Blue_Archive_studentsQize" */;
			buildPhases = (
				EBDBCFD42F10C17600F1961D /* Sources */,
				EBDBCFD52F10C17600F1961D /* Frameworks */,
				EBDBCFD62F10C17600F1961D /* Resources */,
			);
			buildRules = (
			);
			dependencies = (
			);
			fileSystemSynchronizedGroups = (
				EBDBCFDA2F10C17600F1961D /* Blue_Archive_studentsQize */,
			);
			name = Blue_Archive_studentsQize;
			packageProductDependencies = (
			);
			productName = Blue_Archive_studentsQize;
			productReference = EBDBCFD82F10C17600F1961D /* Blue_Archive_studentsQize.app */;
			productType = "com.apple.product-type.application";
		};
		EBDBCFE62F10C17700F1961D /* Blue_Archive_studentsQizeTests */ = {
			isa = PBXNativeTarget;
			buildConfigurationList = EBDBCFFE2F10C17700F1961D /* Build configuration list for PBXNativeTarget "Blue_Archive_studentsQizeTests" */;
			buildPhases = (
				EBDBCFE32F10C17700F1961D /* Sources */,
				EBDBCFE42F10C17700F1961D /* Frameworks */,
				EBDBCFE52F10C17700F1961D /* Resources */,
			);
			buildRules = (
			);
			dependencies = (
				EBDBCFE92F10C17700F1961D /* PBXTargetDependency */,
			);
			fileSystemSynchronizedGroups = (
				EBDBCFEA2F10C17700F1961D /* Blue_Archive_studentsQizeTests */,
			);
			name = Blue_Archive_studentsQizeTests;
			packageProductDependencies = (
			);
			productName = Blue_Archive_studentsQizeTests;
			productReference = EBDBCFE72F10C17700F1961D /* Blue_Archive_studentsQizeTests.xctest */;
			productType = "com.apple.product-type.bundle.unit-test";
		};
		EBDBCFF02F10C17700F1961D /* Blue_Archive_studentsQizeUITests */ = {
			isa = PBXNativeTarget;
			buildConfigurationList = EBDBD0012F10C17700F1961D /* Build configuration list for PBXNativeTarget "Blue_Archive_studentsQizeUITests" */;
			buildPhases = (
				EBDBCFED2F10C17700F1961D /* Sources */,
				EBDBCFEE2F10C17700F1961D /* Frameworks */,
				EBDBCFEF2F10C17700F1961D /* Resources */,
			);
			buildRules = (
			);
			dependencies = (
				EBDBCFF32F10C17700F1961D /* PBXTargetDependency */,
			);
			fileSystemSynchronizedGroups = (
				EBDBCFF42F10C17700F1961D /* Blue_Archive_studentsQizeUITests */,
			);
			name = Blue_Archive_studentsQizeUITests;
			packageProductDependencies = (
			);
			productName = Blue_Archive_studentsQizeUITests;
			productReference = EBDBCFF12F10C17700F1961D /* Blue_Archive_studentsQizeUITests.xctest */;
			productType = "com.apple.product-type.bundle.ui-testing";
		};
/* End PBXNativeTarget section */

/* Begin PBXProject section */
		EBDBCFD02F10C17600F1961D /* Project object */ = {
			isa = PBXProject;
			attributes = {
				BuildIndependentTargetsInParallel = 1;
				LastSwiftUpdateCheck = 2620;
				LastUpgradeCheck = 2620;
				TargetAttributes = {
					EBDBCFD72F10C17600F1961D = {
						CreatedOnToolsVersion = 26.2;
					};
					EBDBCFE62F10C17700F1961D = {
						CreatedOnToolsVersion = 26.2;
						TestTargetID = EBDBCFD72F10C17600F1961D;
					};
					EBDBCFF02F10C17700F1961D = {
						CreatedOnToolsVersion = 26.2;
						TestTargetID = EBDBCFD72F10C17600F1961D;
					};
				};
			};
			buildConfigurationList = EBDBCFD32F10C17600F1961D /* Build configuration list for PBXProject "Blue_Archive_studentsQize" */;
			developmentRegion = en;
			hasScannedForEncodings = 0;
			knownRegions = (
				en,
				Base,
			);
			mainGroup = EBDBCFCF2F10C17600F1961D;
			minimizedProjectReferenceProxies = 1;
			preferredProjectObjectVersion = 77;
			productRefGroup = EBDBCFD92F10C17600F1961D /* Products */;
			projectDirPath = "";
			projectRoot = "";
			targets = (
				EBDBCFD72F10C17600F1961D /* Blue_Archive_studentsQize */,
				EBDBCFE62F10C17700F1961D /* Blue_Archive_studentsQizeTests */,
				EBDBCFF02F10C17700F1961D /* Blue_Archive_studentsQizeUITests */,
			);
		};
/* End PBXProject section */

/* Begin PBXResourcesBuildPhase section */
		EBDBCFD62F10C17600F1961D /* Resources */ = {
			isa = PBXResourcesBuildPhase;
			buildActionMask = 2147483647;
			files = (
			);
			runOnlyForDeploymentPostprocessing = 0;
		};
		EBDBCFE52F10C17700F1961D /* Resources */ = {
			isa = PBXResourcesBuildPhase;
			buildActionMask = 2147483647;
			files = (
			);
			runOnlyForDeploymentPostprocessing = 0;
		};
		EBDBCFEF2F10C17700F1961D /* Resources */ = {
			isa = PBXResourcesBuildPhase;
			buildActionMask = 2147483647;
			files = (
			);
			runOnlyForDeploymentPostprocessing = 0;
		};
/* End PBXResourcesBuildPhase section */

/* Begin PBXSourcesBuildPhase section */
		EBDBCFD42F10C17600F1961D /* Sources */ = {
			isa = PBXSourcesBuildPhase;
			buildActionMask = 2147483647;
			files = (
			);
			runOnlyForDeploymentPostprocessing = 0;
		};
		EBDBCFE32F10C17700F1961D /* Sources */ = {
			isa = PBXSourcesBuildPhase;
			buildActionMask = 2147483647;
			files = (
			);
			runOnlyForDeploymentPostprocessing = 0;
		};
		EBDBCFED2F10C17700F1961D /* Sources */ = {
			isa = PBXSourcesBuildPhase;
			buildActionMask = 2147483647;
			files = (
			);
			runOnlyForDeploymentPostprocessing = 0;
		};
/* End PBXSourcesBuildPhase section */

/* Begin PBXTargetDependency section */
		EBDBCFE92F10C17700F1961D /* PBXTargetDependency */ = {
			isa = PBXTargetDependency;
			target = EBDBCFD72F10C17600F1961D /* Blue_Archive_studentsQize */;
			targetProxy = EBDBCFE82F10C17700F1961D /* PBXContainerItemProxy */;
		};
		EBDBCFF32F10C17700F1961D /* PBXTargetDependency */ = {
			isa = PBXTargetDependency;
			target = EBDBCFD72F10C17600F1961D /* Blue_Archive_studentsQize */;
			targetProxy = EBDBCFF22F10C17700F1961D /* PBXContainerItemProxy */;
		};
/* End PBXTargetDependency section */

/* Begin XCBuildConfiguration section */
		EBDBCFF92F10C17700F1961D /* Debug */ = {
			isa = XCBuildConfiguration;
			buildSettings = {
				ALWAYS_SEARCH_USER_PATHS = NO;
				ASSETCATALOG_COMPILER_GENERATE_SWIFT_ASSET_SYMBOL_EXTENSIONS = YES;
				CLANG_ANALYZER_NONNULL = YES;
				CLANG_ANALYZER_NUMBER_OBJECT_CONVERSION = YES_AGGRESSIVE;
				CLANG_CXX_LANGUAGE_STANDARD = "gnu++20";
				CLANG_ENABLE_MODULES = YES;
				CLANG_ENABLE_OBJC_ARC = YES;
				CLANG_ENABLE_OBJC_WEAK = YES;
				CLANG_WARN_BLOCK_CAPTURE_AUTORELEASING = YES;
				CLANG_WARN_BOOL_CONVERSION = YES;
				CLANG_WARN_COMMA = YES;
				CLANG_WARN_CONSTANT_CONVERSION = YES;
				CLANG_WARN_DEPRECATED_OBJC_IMPLEMENTATIONS = YES;
				CLANG_WARN_DIRECT_OBJC_ISA_USAGE = YES_ERROR;
				CLANG_WARN_DOCUMENTATION_COMMENTS = YES;
				CLANG_WARN_EMPTY_BODY = YES;
				CLANG_WARN_ENUM_CONVERSION = YES;
				CLANG_WARN_INFINITE_RECURSION = YES;
				CLANG_WARN_INT_CONVERSION = YES;
				CLANG_WARN_NON_LITERAL_NULL_CONVERSION = YES;
				CLANG_WARN_OBJC_IMPLICIT_RETAIN_SELF = YES;
				CLANG_WARN_OBJC_LITERAL_CONVERSION = YES;
				CLANG_WARN_OBJC_ROOT_CLASS = YES_ERROR;
				CLANG_WARN_QUOTED_INCLUDE_IN_FRAMEWORK_HEADER = YES;
				CLANG_WARN_RANGE_LOOP_ANALYSIS = YES;
				CLANG_WARN_STRICT_PROTOTYPES = YES;
				CLANG_WARN_SUSPICIOUS_MOVE = YES;
				CLANG_WARN_UNGUARDED_AVAILABILITY = YES_AGGRESSIVE;
				CLANG_WARN_UNREACHABLE_CODE = YES;
				CLANG_WARN__DUPLICATE_METHOD_MATCH = YES;
				COPY_PHASE_STRIP = NO;
				DEBUG_INFORMATION_FORMAT = dwarf;
				ENABLE_STRICT_OBJC_MSGSEND = YES;
				ENABLE_TESTABILITY = YES;
				ENABLE_USER_SCRIPT_SANDBOXING = YES;
				GCC_C_LANGUAGE_STANDARD = gnu17;
				GCC_DYNAMIC_NO_PIC = NO;
				GCC_NO_COMMON_BLOCKS = YES;
				GCC_OPTIMIZATION_LEVEL = 0;
				GCC_PREPROCESSOR_DEFINITIONS = (
					"DEBUG=1",
					"$(inherited)",
				);
				GCC_WARN_64_TO_32_BIT_CONVERSION = YES;
				GCC_WARN_ABOUT_RETURN_TYPE = YES_ERROR;
				GCC_WARN_UNDECLARED_SELECTOR = YES;
				GCC_WARN_UNINITIALIZED_AUTOS = YES_AGGRESSIVE;
				GCC_WARN_UNUSED_FUNCTION = YES;
				GCC_WARN_UNUSED_VARIABLE = YES;
				IPHONEOS_DEPLOYMENT_TARGET = 26.2;
				LOCALIZATION_PREFERS_STRING_CATALOGS = YES;
				MTL_ENABLE_DEBUG_INFO = INCLUDE_SOURCE;
				MTL_FAST_MATH = YES;
				ONLY_ACTIVE_ARCH = YES;
				SDKROOT = iphoneos;
				SWIFT_ACTIVE_COMPILATION_CONDITIONS = "DEBUG $(inherited)";
				SWIFT_OPTIMIZATION_LEVEL = "-Onone";
			};
			name = Debug;
		};
		EBDBCFFA2F10C17700F1961D /* Release */ = {
			isa = XCBuildConfiguration;
			buildSettings = {
				ALWAYS_SEARCH_USER_PATHS = NO;
				ASSETCATALOG_COMPILER_GENERATE_SWIFT_ASSET_SYMBOL_EXTENSIONS = YES;
				CLANG_ANALYZER_NONNULL = YES;
				CLANG_ANALYZER_NUMBER_OBJECT_CONVERSION = YES_AGGRESSIVE;
				CLANG_CXX_LANGUAGE_STANDARD = "gnu++20";
				CLANG_ENABLE_MODULES = YES;
				CLANG_ENABLE_OBJC_ARC = YES;
				CLANG_ENABLE_OBJC_WEAK = YES;
				CLANG_WARN_BLOCK_CAPTURE_AUTORELEASING = YES;
				CLANG_WARN_BOOL_CONVERSION = YES;
				CLANG_WARN_COMMA = YES;
				CLANG_WARN_CONSTANT_CONVERSION = YES;
				CLANG_WARN_DEPRECATED_OBJC_IMPLEMENTATIONS = YES;
				CLANG_WARN_DIRECT_OBJC_ISA_USAGE = YES_ERROR;
				CLANG_WARN_DOCUMENTATION_COMMENTS = YES;
				CLANG_WARN_EMPTY_BODY = YES;
				CLANG_WARN_ENUM_CONVERSION = YES;
				CLANG_WARN_INFINITE_RECURSION = YES;
				CLANG_WARN_INT_CONVERSION = YES;
				CLANG_WARN_NON_LITERAL_NULL_CONVERSION = YES;
				CLANG_WARN_OBJC_IMPLICIT_RETAIN_SELF = YES;
				CLANG_WARN_OBJC_LITERAL_CONVERSION = YES;
				CLANG_WARN_OBJC_ROOT_CLASS = YES_ERROR;
				CLANG_WARN_QUOTED_INCLUDE_IN_FRAMEWORK_HEADER = YES;
				CLANG_WARN_RANGE_LOOP_ANALYSIS = YES;
				CLANG_WARN_STRICT_PROTOTYPES = YES;
				CLANG_WARN_SUSPICIOUS_MOVE = YES;
				CLANG_WARN_UNGUARDED_AVAILABILITY = YES_AGGRESSIVE;
				CLANG_WARN_UNREACHABLE_CODE = YES;
				CLANG_WARN__DUPLICATE_METHOD_MATCH = YES;
				COPY_PHASE_STRIP = NO;
				DEBUG_INFORMATION_FORMAT = "dwarf-with-dsym";
				ENABLE_NS_ASSERTIONS = NO;
				ENABLE_STRICT_OBJC_MSGSEND = YES;
				ENABLE_USER_SCRIPT_SANDBOXING = YES;
				GCC_C_LANGUAGE_STANDARD = gnu17;
				GCC_NO_COMMON_BLOCKS = YES;
				GCC_WARN_64_TO_32_BIT_CONVERSION = YES;
				GCC_WARN_ABOUT_RETURN_TYPE = YES_ERROR;
				GCC_WARN_UNDECLARED_SELECTOR = YES;
				GCC_WARN_UNINITIALIZED_AUTOS = YES_AGGRESSIVE;
				GCC_WARN_UNUSED_FUNCTION = YES;
				GCC_WARN_UNUSED_VARIABLE = YES;
				IPHONEOS_DEPLOYMENT_TARGET = 26.2;
				LOCALIZATION_PREFERS_STRING_CATALOGS = YES;
				MTL_ENABLE_DEBUG_INFO = NO;
				MTL_FAST_MATH = YES;
				SDKROOT = iphoneos;
				SWIFT_COMPILATION_MODE = wholemodule;
				VALIDATE_PRODUCT = YES;
			};
			name = Release;
		};
		EBDBCFFC2F10C17700F1961D /* Debug */ = {
			isa = XCBuildConfiguration;
			buildSettings = {
				ASSETCATALOG_COMPILER_APPICON_NAME = AppIcon;
				ASSETCATALOG_COMPILER_GLOBAL_ACCENT_COLOR_NAME = AccentColor;
				CODE_SIGN_STYLE = Automatic;
				CURRENT_PROJECT_VERSION = 1;
				DEVELOPMENT_TEAM = 6CTK8KB363;
				ENABLE_PREVIEWS = YES;
				GENERATE_INFOPLIST_FILE = YES;
				INFOPLIST_KEY_UIApplicationSceneManifest_Generation = YES;
				INFOPLIST_KEY_UIApplicationSupportsIndirectInputEvents = YES;
				INFOPLIST_KEY_UILaunchScreen_Generation = YES;
				INFOPLIST_KEY_UISupportedInterfaceOrientations_iPad = "UIInterfaceOrientationPortrait UIInterfaceOrientationPortraitUpsideDown UIInterfaceOrientationLandscapeLeft UIInterfaceOrientationLandscapeRight";
				INFOPLIST_KEY_UISupportedInterfaceOrientations_iPhone = "UIInterfaceOrientationPortrait UIInterfaceOrientationLandscapeLeft UIInterfaceOrientationLandscapeRight";
				LD_RUNPATH_SEARCH_PATHS = (
					"$(inherited)",
					"@executable_path/Frameworks",
				);
				MARKETING_VERSION = 1.0;
				PRODUCT_BUNDLE_IDENTIFIER = com.Ikehara.BlueArchiveQize;
				PRODUCT_NAME = "$(TARGET_NAME)";
				STRING_CATALOG_GENERATE_SYMBOLS = YES;
				SWIFT_APPROACHABLE_CONCURRENCY = YES;
				SWIFT_DEFAULT_ACTOR_ISOLATION = MainActor;
				SWIFT_EMIT_LOC_STRINGS = YES;
				SWIFT_UPCOMING_FEATURE_MEMBER_IMPORT_VISIBILITY = YES;
				SWIFT_VERSION = 5.0;
				TARGETED_DEVICE_FAMILY = "1,2";
			};
			name = Debug;
		};
		EBDBCFFD2F10C17700F1961D /* Release */ = {
			isa = XCBuildConfiguration;
			buildSettings = {
				ASSETCATALOG_COMPILER_APPICON_NAME = AppIcon;
				ASSETCATALOG_COMPILER_GLOBAL_ACCENT_COLOR_NAME = AccentColor;
				CODE_SIGN_STYLE = Automatic;
				CURRENT_PROJECT_VERSION = 1;
				DEVELOPMENT_TEAM = 6CTK8KB363;
				ENABLE_PREVIEWS = YES;
				GENERATE_INFOPLIST_FILE = YES;
				INFOPLIST_KEY_UIApplicationSceneManifest_Generation = YES;
				INFOPLIST_KEY_UIApplicationSupportsIndirectInputEvents = YES;
				INFOPLIST_KEY_UILaunchScreen_Generation = YES;
				INFOPLIST_KEY_UISupportedInterfaceOrientations_iPad = "UIInterfaceOrientationPortrait UIInterfaceOrientationPortraitUpsideDown UIInterfaceOrientationLandscapeLeft UIInterfaceOrientationLandscapeRight";
				INFOPLIST_KEY_UISupportedInterfaceOrientations_iPhone = "UIInterfaceOrientationPortrait UIInterfaceOrientationLandscapeLeft UIInterfaceOrientationLandscapeRight";
				LD_RUNPATH_SEARCH_PATHS = (
					"$(inherited)",
					"@executable_path/Frameworks",
				);
				MARKETING_VERSION = 1.0;
				PRODUCT_BUNDLE_IDENTIFIER = com.Ikehara.BlueArchiveQize;
				PRODUCT_NAME = "$(TARGET_NAME)";
				STRING_CATALOG_GENERATE_SYMBOLS = YES;
				SWIFT_APPROACHABLE_CONCURRENCY = YES;
				SWIFT_DEFAULT_ACTOR_ISOLATION = MainActor;
				SWIFT_EMIT_LOC_STRINGS = YES;
				SWIFT_UPCOMING_FEATURE_MEMBER_IMPORT_VISIBILITY = YES;
				SWIFT_VERSION = 5.0;
				TARGETED_DEVICE_FAMILY = "1,2";
			};
			name = Release;
		};
		EBDBCFFF2F10C17700F1961D /* Debug */ = {
			isa = XCBuildConfiguration;
			buildSettings = {
				BUNDLE_LOADER = "$(TEST_HOST)";
				CODE_SIGN_STYLE = Automatic;
				CURRENT_PROJECT_VERSION = 1;
				GENERATE_INFOPLIST_FILE = YES;
				IPHONEOS_DEPLOYMENT_TARGET = 26.2;
				MARKETING_VERSION = 1.0;
				PRODUCT_BUNDLE_IDENTIFIER = "com.Ikehara.Blue-Archive-studentsQizeTests";
				PRODUCT_NAME = "$(TARGET_NAME)";
				STRING_CATALOG_GENERATE_SYMBOLS = NO;
				SWIFT_APPROACHABLE_CONCURRENCY = YES;
				SWIFT_EMIT_LOC_STRINGS = NO;
				SWIFT_UPCOMING_FEATURE_MEMBER_IMPORT_VISIBILITY = YES;
				SWIFT_VERSION = 5.0;
				TARGETED_DEVICE_FAMILY = "1,2";
				TEST_HOST = "$(BUILT_PRODUCTS_DIR)/Blue_Archive_studentsQize.app/$(BUNDLE_EXECUTABLE_FOLDER_PATH)/Blue_Archive_studentsQize";
			};
			name = Debug;
		};
		EBDBD0002F10C17700F1961D /* Release */ = {
			isa = XCBuildConfiguration;
			buildSettings = {
				BUNDLE_LOADER = "$(TEST_HOST)";
				CODE_SIGN_STYLE = Automatic;
				CURRENT_PROJECT_VERSION = 1;
				GENERATE_INFOPLIST_FILE = YES;
				IPHONEOS_DEPLOYMENT_TARGET = 26.2;
				MARKETING_VERSION = 1.0;
				PRODUCT_BUNDLE_IDENTIFIER = "com.Ikehara.Blue-Archive-studentsQizeTests";
				PRODUCT_NAME = "$(TARGET_NAME)";
				STRING_CATALOG_GENERATE_SYMBOLS = NO;
				SWIFT_APPROACHABLE_CONCURRENCY = YES;
				SWIFT_EMIT_LOC_STRINGS = NO;
				SWIFT_UPCOMING_FEATURE_MEMBER_IMPORT_VISIBILITY = YES;
				SWIFT_VERSION = 5.0;
				TARGETED_DEVICE_FAMILY = "1,2";
				TEST_HOST = "$(BUILT_PRODUCTS_DIR)/Blue_Archive_studentsQize.app/$(BUNDLE_EXECUTABLE_FOLDER_PATH)/Blue_Archive_studentsQize";
			};
			name = Release;
		};
		EBDBD0022F10C17700F1961D /* Debug */ = {
			isa = XCBuildConfiguration;
			buildSettings = {
				CODE_SIGN_STYLE = Automatic;
				CURRENT_PROJECT_VERSION = 1;
				GENERATE_INFOPLIST_FILE = YES;
				MARKETING_VERSION = 1.0;
				PRODUCT_BUNDLE_IDENTIFIER = "com.Ikehara.Blue-Archive-studentsQizeUITests";
				PRODUCT_NAME = "$(TARGET_NAME)";
				STRING_CATALOG_GENERATE_SYMBOLS = NO;
				SWIFT_APPROACHABLE_CONCURRENCY = YES;
				SWIFT_EMIT_LOC_STRINGS = NO;
				SWIFT_UPCOMING_FEATURE_MEMBER_IMPORT_VISIBILITY = YES;
				SWIFT_VERSION = 5.0;
				TARGETED_DEVICE_FAMILY = "1,2";
				TEST_TARGET_NAME = Blue_Archive_studentsQize;
			};
			name = Debug;
		};
		EBDBD0032F10C17700F1961D /* Release */ = {
			isa = XCBuildConfiguration;
			buildSettings = {
				CODE_SIGN_STYLE = Automatic;
				CURRENT_PROJECT_VERSION = 1;
				GENERATE_INFOPLIST_FILE = YES;
				MARKETING_VERSION = 1.0;
				PRODUCT_BUNDLE_IDENTIFIER = "com.Ikehara.Blue-Archive-studentsQizeUITests";
				PRODUCT_NAME = "$(TARGET_NAME)";
				STRING_CATALOG_GENERATE_SYMBOLS = NO;
				SWIFT_APPROACHABLE_CONCURRENCY = YES;
				SWIFT_EMIT_LOC_STRINGS = NO;
				SWIFT_UPCOMING_FEATURE_MEMBER_IMPORT_VISIBILITY = YES;
				SWIFT_VERSION = 5.0;
				TARGETED_DEVICE_FAMILY = "1,2";
				TEST_TARGET_NAME = Blue_Archive_studentsQize;
			};
			name = Release;
		};
/* End XCBuildConfiguration section */

/* Begin XCConfigurationList section */
		EBDBCFD32F10C17600F1961D /* Build configuration list for PBXProject "Blue_Archive_studentsQize" */ = {
			isa = XCConfigurationList;
			buildConfigurations = (
				EBDBCFF92F10C17700F1961D /* Debug */,
				EBDBCFFA2F10C17700F1961D /* Release */,
			);
			defaultConfigurationIsVisible = 0;
			defaultConfigurationName = Release;
		};
		EBDBCFFB2F10C17700F1961D /* Build configuration list for PBXNativeTarget "Blue_Archive_studentsQize" */ = {
			isa = XCConfigurationList;
			buildConfigurations = (
				EBDBCFFC2F10C17700F1961D /* Debug */,
				EBDBCFFD2F10C17700F1961D /* Release */,
			);
			defaultConfigurationIsVisible = 0;
			defaultConfigurationName = Release;
		};
		EBDBCFFE2F10C17700F1961D /* Build configuration list for PBXNativeTarget "Blue_Archive_studentsQizeTests" */ = {
			isa = XCConfigurationList;
			buildConfigurations = (
				EBDBCFFF2F10C17700F1961D /* Debug */,
				EBDBD0002F10C17700F1961D /* Release */,
			);
			defaultConfigurationIsVisible = 0;
			defaultConfigurationName = Release;
		};
		EBDBD0012F10C17700F1961D /* Build configuration list for PBXNativeTarget "Blue_Archive_studentsQizeUITests" */ = {
			isa = XCConfigurationList;
			buildConfigurations = (
				EBDBD0022F10C17700F1961D /* Debug */,
				EBDBD0032F10C17700F1961D /* Release */,
			);
			defaultConfigurationIsVisible = 0;
			defaultConfigurationName = Release;
		};
/* End XCConfigurationList section */
	};
	rootObject = EBDBCFD02F10C17600F1961D /* Project object */;
}
